// !$*UTF8*$!
{
	archiveVersion = 1;
	classes = {
	};
	objectVersion = 46;
	objects = {

/* Begin PBXBuildFile section */
		3404D3311B3E57CC00DD5106 /* Main.storyboard in Resources */ = {isa = PBXBuildFile; fileRef = 34ED12541B3A844600D49ABF /* Main.storyboard */; };
		3404D3321B3E57E100DD5106 /* BINUserDetailViewController.m in Sources */ = {isa = PBXBuildFile; fileRef = 343A0A421B3D0E42006C6A6C /* BINUserDetailViewController.m */; };
		343A0A401B3CE3BA006C6A6C /* BINSignUpViewController.m in Sources */ = {isa = PBXBuildFile; fileRef = 343A0A3F1B3CE3BA006C6A6C /* BINSignUpViewController.m */; };
		343A0A431B3D0E42006C6A6C /* BINUserDetailViewController.m in Sources */ = {isa = PBXBuildFile; fileRef = 343A0A421B3D0E42006C6A6C /* BINUserDetailViewController.m */; };
		343A0A491B3D4B3A006C6A6C /* button@2x.png in Resources */ = {isa = PBXBuildFile; fileRef = 343A0A481B3D4B3A006C6A6C /* button@2x.png */; };
		343A0B731B3D96D7006C6A6C /* UserManageSDK.h in CopyFiles */ = {isa = PBXBuildFile; fileRef = 343A0B721B3D96D7006C6A6C /* UserManageSDK.h */; };
		343A0B751B3D96D7006C6A6C /* UserManageSDK.m in Sources */ = {isa = PBXBuildFile; fileRef = 343A0B741B3D96D7006C6A6C /* UserManageSDK.m */; };
		343A0B7B1B3D96D8006C6A6C /* libUserManageSDK.a in Frameworks */ = {isa = PBXBuildFile; fileRef = 343A0B701B3D96D7006C6A6C /* libUserManageSDK.a */; };
		343A0B891B3D97A7006C6A6C /* BINSignInViewController.h in CopyFiles */ = {isa = PBXBuildFile; fileRef = 34ED12701B3A8CE000D49ABF /* BINSignInViewController.h */; };
		343A0B9D1B3D9C73006C6A6C /* button@2x.png in Resources */ = {isa = PBXBuildFile; fileRef = 343A0A481B3D4B3A006C6A6C /* button@2x.png */; };
		343A0B9F1B3D9C8C006C6A6C /* BINDatabaseHandler.h in CopyFiles */ = {isa = PBXBuildFile; fileRef = 34ED12731B3A91CC00D49ABF /* BINDatabaseHandler.h */; };
		343A0BA01B3D9C8C006C6A6C /* BINAdminUserListViewControllerTableViewController.h in CopyFiles */ = {isa = PBXBuildFile; fileRef = 34ED12781B3A9E2400D49ABF /* BINAdminUserListViewControllerTableViewController.h */; };
		343A0BA11B3D9C98006C6A6C /* BINSignUpViewController.h in CopyFiles */ = {isa = PBXBuildFile; fileRef = 343A0A3E1B3CE3BA006C6A6C /* BINSignUpViewController.h */; };
		343A0BA21B3D9C98006C6A6C /* BINUserDetailViewController.h in CopyFiles */ = {isa = PBXBuildFile; fileRef = 343A0A411B3D0E42006C6A6C /* BINUserDetailViewController.h */; };
		343A0BE71B3DA4C8006C6A6C /* BINDatabaseHandler.m in Sources */ = {isa = PBXBuildFile; fileRef = 34ED12741B3A91CC00D49ABF /* BINDatabaseHandler.m */; };
		343A0BE81B3DA4C8006C6A6C /* BINAdminUserListViewControllerTableViewController.m in Sources */ = {isa = PBXBuildFile; fileRef = 34ED12791B3A9E2400D49ABF /* BINAdminUserListViewControllerTableViewController.m */; };
		343A0BE91B3DA4C8006C6A6C /* BINSignInViewController.m in Sources */ = {isa = PBXBuildFile; fileRef = 34ED12711B3A8CE000D49ABF /* BINSignInViewController.m */; };
		343A0BEA1B3DA4C8006C6A6C /* BINSignUpViewController.m in Sources */ = {isa = PBXBuildFile; fileRef = 343A0A3F1B3CE3BA006C6A6C /* BINSignUpViewController.m */; };
		345E5CAC1B3E670B00C2B66D /* no_image@2x.png in Resources */ = {isa = PBXBuildFile; fileRef = 345E5CAB1B3E670B00C2B66D /* no_image@2x.png */; };
		345E5CAD1B3E676F00C2B66D /* no_image@2x.png in Resources */ = {isa = PBXBuildFile; fileRef = 345E5CAB1B3E670B00C2B66D /* no_image@2x.png */; };
		34ED124D1B3A844600D49ABF /* main.m in Sources */ = {isa = PBXBuildFile; fileRef = 34ED124C1B3A844600D49ABF /* main.m */; };
		34ED12501B3A844600D49ABF /* AppDelegate.m in Sources */ = {isa = PBXBuildFile; fileRef = 34ED124F1B3A844600D49ABF /* AppDelegate.m */; };
		34ED12561B3A844600D49ABF /* Main.storyboard in Resources */ = {isa = PBXBuildFile; fileRef = 34ED12541B3A844600D49ABF /* Main.storyboard */; };
		34ED12581B3A844600D49ABF /* Images.xcassets in Resources */ = {isa = PBXBuildFile; fileRef = 34ED12571B3A844600D49ABF /* Images.xcassets */; };
		34ED125B1B3A844600D49ABF /* LaunchScreen.xib in Resources */ = {isa = PBXBuildFile; fileRef = 34ED12591B3A844600D49ABF /* LaunchScreen.xib */; };
		34ED12721B3A8CE000D49ABF /* BINSignInViewController.m in Sources */ = {isa = PBXBuildFile; fileRef = 34ED12711B3A8CE000D49ABF /* BINSignInViewController.m */; };
		34ED12751B3A91CC00D49ABF /* BINDatabaseHandler.m in Sources */ = {isa = PBXBuildFile; fileRef = 34ED12741B3A91CC00D49ABF /* BINDatabaseHandler.m */; };
		34ED12771B3A93A200D49ABF /* libsqlite3.0.dylib in Frameworks */ = {isa = PBXBuildFile; fileRef = 34ED12761B3A93A200D49ABF /* libsqlite3.0.dylib */; };
		34ED127A1B3A9E2400D49ABF /* BINAdminUserListViewControllerTableViewController.m in Sources */ = {isa = PBXBuildFile; fileRef = 34ED12791B3A9E2400D49ABF /* BINAdminUserListViewControllerTableViewController.m */; };
/* End PBXBuildFile section */

/* Begin PBXContainerItemProxy section */
		343A0B7C1B3D96D8006C6A6C /* PBXContainerItemProxy */ = {
			isa = PBXContainerItemProxy;
			containerPortal = 34ED123F1B3A844600D49ABF /* Project object */;
			proxyType = 1;
			remoteGlobalIDString = 343A0B6F1B3D96D7006C6A6C;
			remoteInfo = UserManageSDK;
		};
		343A0BE51B3DA449006C6A6C /* PBXContainerItemProxy */ = {
			isa = PBXContainerItemProxy;
			containerPortal = 34ED123F1B3A844600D49ABF /* Project object */;
			proxyType = 1;
			remoteGlobalIDString = 343A0B481B3D7A8C006C6A6C;
			remoteInfo = UserManageResources;
		};
		34ED12611B3A844600D49ABF /* PBXContainerItemProxy */ = {
			isa = PBXContainerItemProxy;
			containerPortal = 34ED123F1B3A844600D49ABF /* Project object */;
			proxyType = 1;
			remoteGlobalIDString = 34ED12461B3A844600D49ABF;
			remoteInfo = UserManage;
		};
/* End PBXContainerItemProxy section */

/* Begin PBXCopyFilesBuildPhase section */
		343A0AA91B3D5BD1006C6A6C /* Embed Frameworks */ = {
			isa = PBXCopyFilesBuildPhase;
			buildActionMask = 2147483647;
			dstPath = "";
			dstSubfolderSpec = 10;
			files = (
			);
			name = "Embed Frameworks";
			runOnlyForDeploymentPostprocessing = 0;
		};
		343A0B6E1B3D96D7006C6A6C /* CopyFiles */ = {
			isa = PBXCopyFilesBuildPhase;
			buildActionMask = 2147483647;
			dstPath = "include/$(PRODUCT_NAME)";
			dstSubfolderSpec = 16;
			files = (
				343A0BA11B3D9C98006C6A6C /* BINSignUpViewController.h in CopyFiles */,
				343A0BA21B3D9C98006C6A6C /* BINUserDetailViewController.h in CopyFiles */,
				343A0B9F1B3D9C8C006C6A6C /* BINDatabaseHandler.h in CopyFiles */,
				343A0BA01B3D9C8C006C6A6C /* BINAdminUserListViewControllerTableViewController.h in CopyFiles */,
				343A0B891B3D97A7006C6A6C /* BINSignInViewController.h in CopyFiles */,
				343A0B731B3D96D7006C6A6C /* UserManageSDK.h in CopyFiles */,
			);
			runOnlyForDeploymentPostprocessing = 0;
		};
/* End PBXCopyFilesBuildPhase section */

/* Begin PBXFileReference section */
		343A0A3E1B3CE3BA006C6A6C /* BINSignUpViewController.h */ = {isa = PBXFileReference; fileEncoding = 4; lastKnownFileType = sourcecode.c.h; path = BINSignUpViewController.h; sourceTree = "<group>"; };
		343A0A3F1B3CE3BA006C6A6C /* BINSignUpViewController.m */ = {isa = PBXFileReference; fileEncoding = 4; lastKnownFileType = sourcecode.c.objc; path = BINSignUpViewController.m; sourceTree = "<group>"; };
		343A0A411B3D0E42006C6A6C /* BINUserDetailViewController.h */ = {isa = PBXFileReference; fileEncoding = 4; lastKnownFileType = sourcecode.c.h; path = BINUserDetailViewController.h; sourceTree = "<group>"; };
		343A0A421B3D0E42006C6A6C /* BINUserDetailViewController.m */ = {isa = PBXFileReference; fileEncoding = 4; lastKnownFileType = sourcecode.c.objc; path = BINUserDetailViewController.m; sourceTree = "<group>"; };
		343A0A481B3D4B3A006C6A6C /* button@2x.png */ = {isa = PBXFileReference; lastKnownFileType = image.png; path = "button@2x.png"; sourceTree = "<group>"; };
		343A0AB41B3D6C0B006C6A6C /* Info.plist */ = {isa = PBXFileReference; fileEncoding = 4; lastKnownFileType = text.plist.xml; path = Info.plist; sourceTree = "<group>"; };
		343A0AB51B3D6C0B006C6A6C /* UserManageTests.m */ = {isa = PBXFileReference; fileEncoding = 4; lastKnownFileType = sourcecode.c.objc; path = UserManageTests.m; sourceTree = "<group>"; };
		343A0B491B3D7A8C006C6A6C /* UserManageSDK.bundle */ = {isa = PBXFileReference; explicitFileType = wrapper.cfbundle; includeInIndex = 0; path = UserManageSDK.bundle; sourceTree = BUILT_PRODUCTS_DIR; };
		343A0B4C1B3D7A8C006C6A6C /* Info.plist */ = {isa = PBXFileReference; lastKnownFileType = text.plist.xml; path = Info.plist; sourceTree = "<group>"; };
		343A0B701B3D96D7006C6A6C /* libUserManageSDK.a */ = {isa = PBXFileReference; explicitFileType = archive.ar; includeInIndex = 0; path = libUserManageSDK.a; sourceTree = BUILT_PRODUCTS_DIR; };
		343A0B721B3D96D7006C6A6C /* UserManageSDK.h */ = {isa = PBXFileReference; lastKnownFileType = sourcecode.c.h; path = UserManageSDK.h; sourceTree = "<group>"; };
		343A0B741B3D96D7006C6A6C /* UserManageSDK.m */ = {isa = PBXFileReference; lastKnownFileType = sourcecode.c.objc; path = UserManageSDK.m; sourceTree = "<group>"; };
		343A0B7A1B3D96D7006C6A6C /* UserManageSDKTests.xctest */ = {isa = PBXFileReference; explicitFileType = wrapper.cfbundle; includeInIndex = 0; path = UserManageSDKTests.xctest; sourceTree = BUILT_PRODUCTS_DIR; };
		343A0B801B3D96D8006C6A6C /* Info.plist */ = {isa = PBXFileReference; lastKnownFileType = text.plist.xml; path = Info.plist; sourceTree = "<group>"; };
		345E5CAB1B3E670B00C2B66D /* no_image@2x.png */ = {isa = PBXFileReference; lastKnownFileType = image.png; path = "no_image@2x.png"; sourceTree = "<group>"; };
		34ED12471B3A844600D49ABF /* UserManage.app */ = {isa = PBXFileReference; explicitFileType = wrapper.application; includeInIndex = 0; path = UserManage.app; sourceTree = BUILT_PRODUCTS_DIR; };
		34ED124B1B3A844600D49ABF /* Info.plist */ = {isa = PBXFileReference; lastKnownFileType = text.plist.xml; path = Info.plist; sourceTree = "<group>"; };
		34ED124C1B3A844600D49ABF /* main.m */ = {isa = PBXFileReference; lastKnownFileType = sourcecode.c.objc; path = main.m; sourceTree = "<group>"; };
		34ED124E1B3A844600D49ABF /* AppDelegate.h */ = {isa = PBXFileReference; lastKnownFileType = sourcecode.c.h; path = AppDelegate.h; sourceTree = "<group>"; };
		34ED124F1B3A844600D49ABF /* AppDelegate.m */ = {isa = PBXFileReference; lastKnownFileType = sourcecode.c.objc; path = AppDelegate.m; sourceTree = "<group>"; };
		34ED12551B3A844600D49ABF /* Base */ = {isa = PBXFileReference; lastKnownFileType = file.storyboard; name = Base; path = Base.lproj/Main.storyboard; sourceTree = "<group>"; };
		34ED12571B3A844600D49ABF /* Images.xcassets */ = {isa = PBXFileReference; lastKnownFileType = folder.assetcatalog; path = Images.xcassets; sourceTree = "<group>"; };
		34ED125A1B3A844600D49ABF /* Base */ = {isa = PBXFileReference; lastKnownFileType = file.xib; name = Base; path = Base.lproj/LaunchScreen.xib; sourceTree = "<group>"; };
		34ED12601B3A844600D49ABF /* UserManageTests.xctest */ = {isa = PBXFileReference; explicitFileType = wrapper.cfbundle; includeInIndex = 0; path = UserManageTests.xctest; sourceTree = BUILT_PRODUCTS_DIR; };
		34ED12701B3A8CE000D49ABF /* BINSignInViewController.h */ = {isa = PBXFileReference; fileEncoding = 4; lastKnownFileType = sourcecode.c.h; path = BINSignInViewController.h; sourceTree = "<group>"; };
		34ED12711B3A8CE000D49ABF /* BINSignInViewController.m */ = {isa = PBXFileReference; fileEncoding = 4; lastKnownFileType = sourcecode.c.objc; path = BINSignInViewController.m; sourceTree = "<group>"; };
		34ED12731B3A91CC00D49ABF /* BINDatabaseHandler.h */ = {isa = PBXFileReference; fileEncoding = 4; lastKnownFileType = sourcecode.c.h; path = BINDatabaseHandler.h; sourceTree = "<group>"; };
		34ED12741B3A91CC00D49ABF /* BINDatabaseHandler.m */ = {isa = PBXFileReference; fileEncoding = 4; lastKnownFileType = sourcecode.c.objc; path = BINDatabaseHandler.m; sourceTree = "<group>"; };
		34ED12761B3A93A200D49ABF /* libsqlite3.0.dylib */ = {isa = PBXFileReference; lastKnownFileType = "compiled.mach-o.dylib"; name = libsqlite3.0.dylib; path = usr/lib/libsqlite3.0.dylib; sourceTree = SDKROOT; };
		34ED12781B3A9E2400D49ABF /* BINAdminUserListViewControllerTableViewController.h */ = {isa = PBXFileReference; fileEncoding = 4; lastKnownFileType = sourcecode.c.h; path = BINAdminUserListViewControllerTableViewController.h; sourceTree = "<group>"; };
		34ED12791B3A9E2400D49ABF /* BINAdminUserListViewControllerTableViewController.m */ = {isa = PBXFileReference; fileEncoding = 4; lastKnownFileType = sourcecode.c.objc; path = BINAdminUserListViewControllerTableViewController.m; sourceTree = "<group>"; };
/* End PBXFileReference section */

/* Begin PBXFrameworksBuildPhase section */
		343A0B461B3D7A8C006C6A6C /* Frameworks */ = {
			isa = PBXFrameworksBuildPhase;
			buildActionMask = 2147483647;
			files = (
			);
			runOnlyForDeploymentPostprocessing = 0;
		};
		343A0B6D1B3D96D7006C6A6C /* Frameworks */ = {
			isa = PBXFrameworksBuildPhase;
			buildActionMask = 2147483647;
			files = (
			);
			runOnlyForDeploymentPostprocessing = 0;
		};
		343A0B771B3D96D7006C6A6C /* Frameworks */ = {
			isa = PBXFrameworksBuildPhase;
			buildActionMask = 2147483647;
			files = (
				343A0B7B1B3D96D8006C6A6C /* libUserManageSDK.a in Frameworks */,
			);
			runOnlyForDeploymentPostprocessing = 0;
		};
		34ED12441B3A844600D49ABF /* Frameworks */ = {
			isa = PBXFrameworksBuildPhase;
			buildActionMask = 2147483647;
			files = (
				34ED12771B3A93A200D49ABF /* libsqlite3.0.dylib in Frameworks */,
			);
			runOnlyForDeploymentPostprocessing = 0;
		};
		34ED125D1B3A844600D49ABF /* Frameworks */ = {
			isa = PBXFrameworksBuildPhase;
			buildActionMask = 2147483647;
			files = (
			);
			runOnlyForDeploymentPostprocessing = 0;
		};
/* End PBXFrameworksBuildPhase section */

/* Begin PBXGroup section */
		343A0A471B3D4B3A006C6A6C /* MyResources */ = {
			isa = PBXGroup;
			children = (
				343A0A481B3D4B3A006C6A6C /* button@2x.png */,
				345E5CAB1B3E670B00C2B66D /* no_image@2x.png */,
			);
			path = MyResources;
			sourceTree = SOURCE_ROOT;
		};
		343A0AB31B3D6C0B006C6A6C /* UserManageTests */ = {
			isa = PBXGroup;
			children = (
				343A0AB41B3D6C0B006C6A6C /* Info.plist */,
				343A0AB51B3D6C0B006C6A6C /* UserManageTests.m */,
			);
			path = UserManageTests;
			sourceTree = "<group>";
		};
		343A0B4A1B3D7A8C006C6A6C /* UserManageResources */ = {
			isa = PBXGroup;
			children = (
				343A0B4B1B3D7A8C006C6A6C /* Supporting Files */,
			);
			path = UserManageResources;
			sourceTree = "<group>";
		};
		343A0B4B1B3D7A8C006C6A6C /* Supporting Files */ = {
			isa = PBXGroup;
			children = (
				343A0B4C1B3D7A8C006C6A6C /* Info.plist */,
			);
			name = "Supporting Files";
			sourceTree = "<group>";
		};
		343A0B711B3D96D7006C6A6C /* UserManageSDK */ = {
			isa = PBXGroup;
			children = (
				343A0B721B3D96D7006C6A6C /* UserManageSDK.h */,
				343A0B741B3D96D7006C6A6C /* UserManageSDK.m */,
			);
			path = UserManageSDK;
			sourceTree = "<group>";
		};
		343A0B7E1B3D96D8006C6A6C /* UserManageSDKTests */ = {
			isa = PBXGroup;
			children = (
				343A0B7F1B3D96D8006C6A6C /* Supporting Files */,
			);
			path = UserManageSDKTests;
			sourceTree = "<group>";
		};
		343A0B7F1B3D96D8006C6A6C /* Supporting Files */ = {
			isa = PBXGroup;
			children = (
				343A0B801B3D96D8006C6A6C /* Info.plist */,
			);
			name = "Supporting Files";
			sourceTree = "<group>";
		};
		34ED123E1B3A844600D49ABF = {
			isa = PBXGroup;
			children = (
				34ED12761B3A93A200D49ABF /* libsqlite3.0.dylib */,
				343A0AB31B3D6C0B006C6A6C /* UserManageTests */,
				34ED12491B3A844600D49ABF /* UserManage */,
				343A0B4A1B3D7A8C006C6A6C /* UserManageResources */,
				343A0B711B3D96D7006C6A6C /* UserManageSDK */,
				343A0B7E1B3D96D8006C6A6C /* UserManageSDKTests */,
				34ED12481B3A844600D49ABF /* Products */,
			);
			sourceTree = "<group>";
		};
		34ED12481B3A844600D49ABF /* Products */ = {
			isa = PBXGroup;
			children = (
				34ED12471B3A844600D49ABF /* UserManage.app */,
				34ED12601B3A844600D49ABF /* UserManageTests.xctest */,
				343A0B491B3D7A8C006C6A6C /* UserManageSDK.bundle */,
				343A0B701B3D96D7006C6A6C /* libUserManageSDK.a */,
				343A0B7A1B3D96D7006C6A6C /* UserManageSDKTests.xctest */,
			);
			name = Products;
			sourceTree = "<group>";
		};
		34ED12491B3A844600D49ABF /* UserManage */ = {
			isa = PBXGroup;
			children = (
				34ED124E1B3A844600D49ABF /* AppDelegate.h */,
				34ED124F1B3A844600D49ABF /* AppDelegate.m */,
				34ED12731B3A91CC00D49ABF /* BINDatabaseHandler.h */,
				34ED12741B3A91CC00D49ABF /* BINDatabaseHandler.m */,
				34ED12781B3A9E2400D49ABF /* BINAdminUserListViewControllerTableViewController.h */,
				34ED12791B3A9E2400D49ABF /* BINAdminUserListViewControllerTableViewController.m */,
				34ED12701B3A8CE000D49ABF /* BINSignInViewController.h */,
				34ED12711B3A8CE000D49ABF /* BINSignInViewController.m */,
				343A0A3E1B3CE3BA006C6A6C /* BINSignUpViewController.h */,
				343A0A3F1B3CE3BA006C6A6C /* BINSignUpViewController.m */,
				343A0A411B3D0E42006C6A6C /* BINUserDetailViewController.h */,
				343A0A421B3D0E42006C6A6C /* BINUserDetailViewController.m */,
				34ED12541B3A844600D49ABF /* Main.storyboard */,
				34ED12571B3A844600D49ABF /* Images.xcassets */,
				34ED12591B3A844600D49ABF /* LaunchScreen.xib */,
				343A0A471B3D4B3A006C6A6C /* MyResources */,
				34ED124A1B3A844600D49ABF /* Supporting Files */,
			);
			path = UserManage;
			sourceTree = "<group>";
		};
		34ED124A1B3A844600D49ABF /* Supporting Files */ = {
			isa = PBXGroup;
			children = (
				34ED124B1B3A844600D49ABF /* Info.plist */,
				34ED124C1B3A844600D49ABF /* main.m */,
			);
			name = "Supporting Files";
			sourceTree = "<group>";
		};
/* End PBXGroup section */

/* Begin PBXNativeTarget section */
		343A0B481B3D7A8C006C6A6C /* UserManageResources */ = {
			isa = PBXNativeTarget;
			buildConfigurationList = 343A0B4D1B3D7A8C006C6A6C /* Build configuration list for PBXNativeTarget "UserManageResources" */;
			buildPhases = (
				343A0B451B3D7A8C006C6A6C /* Sources */,
				343A0B461B3D7A8C006C6A6C /* Frameworks */,
				343A0B471B3D7A8C006C6A6C /* Resources */,
			);
			buildRules = (
			);
			dependencies = (
			);
			name = UserManageResources;
			productName = UserManageResources;
			productReference = 343A0B491B3D7A8C006C6A6C /* UserManageSDK.bundle */;
			productType = "com.apple.product-type.bundle";
		};
		343A0B6F1B3D96D7006C6A6C /* UserManageSDK */ = {
			isa = PBXNativeTarget;
			buildConfigurationList = 343A0B811B3D96D8006C6A6C /* Build configuration list for PBXNativeTarget "UserManageSDK" */;
			buildPhases = (
				343A0B6C1B3D96D7006C6A6C /* Sources */,
				343A0B6D1B3D96D7006C6A6C /* Frameworks */,
				343A0B6E1B3D96D7006C6A6C /* CopyFiles */,
			);
			buildRules = (
			);
			dependencies = (
				343A0BE61B3DA449006C6A6C /* PBXTargetDependency */,
			);
			name = UserManageSDK;
			productName = UserManageSDK;
			productReference = 343A0B701B3D96D7006C6A6C /* libUserManageSDK.a */;
			productType = "com.apple.product-type.library.static";
		};
		343A0B791B3D96D7006C6A6C /* UserManageSDKTests */ = {
			isa = PBXNativeTarget;
			buildConfigurationList = 343A0B841B3D96D8006C6A6C /* Build configuration list for PBXNativeTarget "UserManageSDKTests" */;
			buildPhases = (
				343A0B761B3D96D7006C6A6C /* Sources */,
				343A0B771B3D96D7006C6A6C /* Frameworks */,
				343A0B781B3D96D7006C6A6C /* Resources */,
			);
			buildRules = (
			);
			dependencies = (
				343A0B7D1B3D96D8006C6A6C /* PBXTargetDependency */,
			);
			name = UserManageSDKTests;
			productName = UserManageSDKTests;
			productReference = 343A0B7A1B3D96D7006C6A6C /* UserManageSDKTests.xctest */;
			productType = "com.apple.product-type.bundle.unit-test";
		};
		34ED12461B3A844600D49ABF /* UserManage */ = {
			isa = PBXNativeTarget;
			buildConfigurationList = 34ED126A1B3A844600D49ABF /* Build configuration list for PBXNativeTarget "UserManage" */;
			buildPhases = (
				34ED12431B3A844600D49ABF /* Sources */,
				34ED12441B3A844600D49ABF /* Frameworks */,
				34ED12451B3A844600D49ABF /* Resources */,
				343A0AA91B3D5BD1006C6A6C /* Embed Frameworks */,
			);
			buildRules = (
			);
			dependencies = (
			);
			name = UserManage;
			productName = UserManage;
			productReference = 34ED12471B3A844600D49ABF /* UserManage.app */;
			productType = "com.apple.product-type.application";
		};
		34ED125F1B3A844600D49ABF /* UserManageTests */ = {
			isa = PBXNativeTarget;
			buildConfigurationList = 34ED126D1B3A844600D49ABF /* Build configuration list for PBXNativeTarget "UserManageTests" */;
			buildPhases = (
				34ED125C1B3A844600D49ABF /* Sources */,
				34ED125D1B3A844600D49ABF /* Frameworks */,
				34ED125E1B3A844600D49ABF /* Resources */,
			);
			buildRules = (
			);
			dependencies = (
				34ED12621B3A844600D49ABF /* PBXTargetDependency */,
			);
			name = UserManageTests;
			productName = UserManageTests;
			productReference = 34ED12601B3A844600D49ABF /* UserManageTests.xctest */;
			productType = "com.apple.product-type.bundle.unit-test";
		};
/* End PBXNativeTarget section */

/* Begin PBXProject section */
		34ED123F1B3A844600D49ABF /* Project object */ = {
			isa = PBXProject;
			attributes = {
				LastUpgradeCheck = 0630;
				ORGANIZATIONNAME = bin;
				TargetAttributes = {
					343A0B481B3D7A8C006C6A6C = {
						CreatedOnToolsVersion = 6.3.2;
					};
					343A0B6F1B3D96D7006C6A6C = {
						CreatedOnToolsVersion = 6.3.2;
					};
					343A0B791B3D96D7006C6A6C = {
						CreatedOnToolsVersion = 6.3.2;
					};
					34ED12461B3A844600D49ABF = {
						CreatedOnToolsVersion = 6.3.2;
					};
					34ED125F1B3A844600D49ABF = {
						CreatedOnToolsVersion = 6.3.2;
						TestTargetID = 34ED12461B3A844600D49ABF;
					};
				};
			};
			buildConfigurationList = 34ED12421B3A844600D49ABF /* Build configuration list for PBXProject "UserManage" */;
			compatibilityVersion = "Xcode 3.2";
			developmentRegion = English;
			hasScannedForEncodings = 0;
			knownRegions = (
				en,
				Base,
			);
			mainGroup = 34ED123E1B3A844600D49ABF;
			productRefGroup = 34ED12481B3A844600D49ABF /* Products */;
			projectDirPath = "";
			projectRoot = "";
			targets = (
				34ED12461B3A844600D49ABF /* UserManage */,
				34ED125F1B3A844600D49ABF /* UserManageTests */,
				343A0B481B3D7A8C006C6A6C /* UserManageResources */,
				343A0B6F1B3D96D7006C6A6C /* UserManageSDK */,
				343A0B791B3D96D7006C6A6C /* UserManageSDKTests */,
			);
		};
/* End PBXProject section */

/* Begin PBXResourcesBuildPhase section */
		343A0B471B3D7A8C006C6A6C /* Resources */ = {
			isa = PBXResourcesBuildPhase;
			buildActionMask = 2147483647;
			files = (
				3404D3311B3E57CC00DD5106 /* Main.storyboard in Resources */,
				345E5CAD1B3E676F00C2B66D /* no_image@2x.png in Resources */,
				343A0B9D1B3D9C73006C6A6C /* button@2x.png in Resources */,
			);
			runOnlyForDeploymentPostprocessing = 0;
		};
		343A0B781B3D96D7006C6A6C /* Resources */ = {
			isa = PBXResourcesBuildPhase;
			buildActionMask = 2147483647;
			files = (
			);
			runOnlyForDeploymentPostprocessing = 0;
		};
		34ED12451B3A844600D49ABF /* Resources */ = {
			isa = PBXResourcesBuildPhase;
			buildActionMask = 2147483647;
			files = (
				34ED12561B3A844600D49ABF /* Main.storyboard in Resources */,
				34ED125B1B3A844600D49ABF /* LaunchScreen.xib in Resources */,
				343A0A491B3D4B3A006C6A6C /* button@2x.png in Resources */,
				34ED12581B3A844600D49ABF /* Images.xcassets in Resources */,
				345E5CAC1B3E670B00C2B66D /* no_image@2x.png in Resources */,
			);
			runOnlyForDeploymentPostprocessing = 0;
		};
		34ED125E1B3A844600D49ABF /* Resources */ = {
			isa = PBXResourcesBuildPhase;
			buildActionMask = 2147483647;
			files = (
			);
			runOnlyForDeploymentPostprocessing = 0;
		};
/* End PBXResourcesBuildPhase section */

/* Begin PBXSourcesBuildPhase section */
		343A0B451B3D7A8C006C6A6C /* Sources */ = {
			isa = PBXSourcesBuildPhase;
			buildActionMask = 2147483647;
			files = (
			);
			runOnlyForDeploymentPostprocessing = 0;
		};
		343A0B6C1B3D96D7006C6A6C /* Sources */ = {
			isa = PBXSourcesBuildPhase;
			buildActionMask = 2147483647;
			files = (
				3404D3321B3E57E100DD5106 /* BINUserDetailViewController.m in Sources */,
				343A0BE71B3DA4C8006C6A6C /* BINDatabaseHandler.m in Sources */,
				343A0BE81B3DA4C8006C6A6C /* BINAdminUserListViewControllerTableViewController.m in Sources */,
				343A0BE91B3DA4C8006C6A6C /* BINSignInViewController.m in Sources */,
				343A0BEA1B3DA4C8006C6A6C /* BINSignUpViewController.m in Sources */,
				343A0B751B3D96D7006C6A6C /* UserManageSDK.m in Sources */,
			);
			runOnlyForDeploymentPostprocessing = 0;
		};
		343A0B761B3D96D7006C6A6C /* Sources */ = {
			isa = PBXSourcesBuildPhase;
			buildActionMask = 2147483647;
			files = (
			);
			runOnlyForDeploymentPostprocessing = 0;
		};
		34ED12431B3A844600D49ABF /* Sources */ = {
			isa = PBXSourcesBuildPhase;
			buildActionMask = 2147483647;
			files = (
				34ED12721B3A8CE000D49ABF /* BINSignInViewController.m in Sources */,
				34ED12751B3A91CC00D49ABF /* BINDatabaseHandler.m in Sources */,
				34ED127A1B3A9E2400D49ABF /* BINAdminUserListViewControllerTableViewController.m in Sources */,
				34ED12501B3A844600D49ABF /* AppDelegate.m in Sources */,
				343A0A401B3CE3BA006C6A6C /* BINSignUpViewController.m in Sources */,
				343A0A431B3D0E42006C6A6C /* BINUserDetailViewController.m in Sources */,
				34ED124D1B3A844600D49ABF /* main.m in Sources */,
			);
			runOnlyForDeploymentPostprocessing = 0;
		};
		34ED125C1B3A844600D49ABF /* Sources */ = {
			isa = PBXSourcesBuildPhase;
			buildActionMask = 2147483647;
			files = (
			);
			runOnlyForDeploymentPostprocessing = 0;
		};
/* End PBXSourcesBuildPhase section */

/* Begin PBXTargetDependency section */
		343A0B7D1B3D96D8006C6A6C /* PBXTargetDependency */ = {
			isa = PBXTargetDependency;
			target = 343A0B6F1B3D96D7006C6A6C /* UserManageSDK */;
			targetProxy = 343A0B7C1B3D96D8006C6A6C /* PBXContainerItemProxy */;
		};
		343A0BE61B3DA449006C6A6C /* PBXTargetDependency */ = {
			isa = PBXTargetDependency;
			target = 343A0B481B3D7A8C006C6A6C /* UserManageResources */;
			targetProxy = 343A0BE51B3DA449006C6A6C /* PBXContainerItemProxy */;
		};
		34ED12621B3A844600D49ABF /* PBXTargetDependency */ = {
			isa = PBXTargetDependency;
			target = 34ED12461B3A844600D49ABF /* UserManage */;
			targetProxy = 34ED12611B3A844600D49ABF /* PBXContainerItemProxy */;
		};
/* End PBXTargetDependency section */

/* Begin PBXVariantGroup section */
		34ED12541B3A844600D49ABF /* Main.storyboard */ = {
			isa = PBXVariantGroup;
			children = (
				34ED12551B3A844600D49ABF /* Base */,
			);
			name = Main.storyboard;
			sourceTree = "<group>";
		};
		34ED12591B3A844600D49ABF /* LaunchScreen.xib */ = {
			isa = PBXVariantGroup;
			children = (
				34ED125A1B3A844600D49ABF /* Base */,
			);
			name = LaunchScreen.xib;
			sourceTree = "<group>";
		};
/* End PBXVariantGroup section */

/* Begin XCBuildConfiguration section */
		343A0B4E1B3D7A8C006C6A6C /* Debug */ = {
			isa = XCBuildConfiguration;
			buildSettings = {
				COMBINE_HIDPI_IMAGES = NO;
				DEBUG_INFORMATION_FORMAT = dwarf;
				GCC_PREPROCESSOR_DEFINITIONS = (
					"DEBUG=1",
					"$(inherited)",
				);
				INFOPLIST_FILE = UserManageResources/Info.plist;
				INSTALL_PATH = "$(LOCAL_LIBRARY_DIR)/Bundles";
				MACOSX_DEPLOYMENT_TARGET = 10.10;
				PRODUCT_NAME = UserManageSDK;
				SKIP_INSTALL = YES;
				WRAPPER_EXTENSION = bundle;
			};
			name = Debug;
		};
		343A0B4F1B3D7A8C006C6A6C /* Release */ = {
			isa = XCBuildConfiguration;
			buildSettings = {
				COMBINE_HIDPI_IMAGES = NO;
				INFOPLIST_FILE = UserManageResources/Info.plist;
				INSTALL_PATH = "$(LOCAL_LIBRARY_DIR)/Bundles";
				MACOSX_DEPLOYMENT_TARGET = 10.10;
				PRODUCT_NAME = UserManageSDK;
				SKIP_INSTALL = YES;
				WRAPPER_EXTENSION = bundle;
			};
			name = Release;
		};
		343A0B821B3D96D8006C6A6C /* Debug */ = {
			isa = XCBuildConfiguration;
			buildSettings = {
				GCC_PREPROCESSOR_DEFINITIONS = (
					"DEBUG=1",
					"$(inherited)",
				);
				OTHER_LDFLAGS = "-ObjC";
				PRODUCT_NAME = "$(TARGET_NAME)";
				SKIP_INSTALL = YES;
			};
			name = Debug;
		};
		343A0B831B3D96D8006C6A6C /* Release */ = {
			isa = XCBuildConfiguration;
			buildSettings = {
				OTHER_LDFLAGS = "-ObjC";
				PRODUCT_NAME = "$(TARGET_NAME)";
				SKIP_INSTALL = YES;
			};
			name = Release;
		};
		343A0B851B3D96D8006C6A6C /* Debug */ = {
			isa = XCBuildConfiguration;
			buildSettings = {
				FRAMEWORK_SEARCH_PATHS = (
					"$(SDKROOT)/Developer/Library/Frameworks",
					"$(inherited)",
				);
				GCC_PREPROCESSOR_DEFINITIONS = (
					"DEBUG=1",
					"$(inherited)",
				);
				INFOPLIST_FILE = UserManageSDKTests/Info.plist;
				LD_RUNPATH_SEARCH_PATHS = "$(inherited) @executable_path/Frameworks @loader_path/Frameworks";
				PRODUCT_NAME = "$(TARGET_NAME)";
			};
			name = Debug;
		};
		343A0B861B3D96D8006C6A6C /* Release */ = {
			isa = XCBuildConfiguration;
			buildSettings = {
				FRAMEWORK_SEARCH_PATHS = (
					"$(SDKROOT)/Developer/Library/Frameworks",
					"$(inherited)",
				);
				INFOPLIST_FILE = UserManageSDKTests/Info.plist;
				LD_RUNPATH_SEARCH_PATHS = "$(inherited) @executable_path/Frameworks @loader_path/Frameworks";
				PRODUCT_NAME = "$(TARGET_NAME)";
			};
			name = Release;
		};
		34ED12681B3A844600D49ABF /* Debug */ = {
			isa = XCBuildConfiguration;
			buildSettings = {
				ALWAYS_SEARCH_USER_PATHS = NO;
				CLANG_CXX_LANGUAGE_STANDARD = "gnu++0x";
				CLANG_CXX_LIBRARY = "libc++";
				CLANG_ENABLE_MODULES = YES;
				CLANG_ENABLE_OBJC_ARC = YES;
				CLANG_WARN_BOOL_CONVERSION = YES;
				CLANG_WARN_CONSTANT_CONVERSION = YES;
				CLANG_WARN_DIRECT_OBJC_ISA_USAGE = YES_ERROR;
				CLANG_WARN_EMPTY_BODY = YES;
				CLANG_WARN_ENUM_CONVERSION = YES;
				CLANG_WARN_INT_CONVERSION = YES;
				CLANG_WARN_OBJC_ROOT_CLASS = YES_ERROR;
				CLANG_WARN_UNREACHABLE_CODE = YES;
				CLANG_WARN__DUPLICATE_METHOD_MATCH = YES;
				"CODE_SIGN_IDENTITY[sdk=iphoneos*]" = "iPhone Developer";
				COPY_PHASE_STRIP = NO;
				DEBUG_INFORMATION_FORMAT = "dwarf-with-dsym";
				ENABLE_STRICT_OBJC_MSGSEND = YES;
				GCC_C_LANGUAGE_STANDARD = gnu99;
				GCC_DYNAMIC_NO_PIC = NO;
				GCC_NO_COMMON_BLOCKS = YES;
				GCC_OPTIMIZATION_LEVEL = 0;
				GCC_PREPROCESSOR_DEFINITIONS = (
					"DEBUG=1",
					"$(inherited)",
				);
				GCC_SYMBOLS_PRIVATE_EXTERN = NO;
				GCC_WARN_64_TO_32_BIT_CONVERSION = YES;
				GCC_WARN_ABOUT_RETURN_TYPE = YES_ERROR;
				GCC_WARN_UNDECLARED_SELECTOR = YES;
				GCC_WARN_UNINITIALIZED_AUTOS = YES_AGGRESSIVE;
				GCC_WARN_UNUSED_FUNCTION = YES;
				GCC_WARN_UNUSED_VARIABLE = YES;
				IPHONEOS_DEPLOYMENT_TARGET = 8.3;
				MTL_ENABLE_DEBUG_INFO = YES;
				ONLY_ACTIVE_ARCH = YES;
				SDKROOT = iphoneos;
			};
			name = Debug;
		};
		34ED12691B3A844600D49ABF /* Release */ = {
			isa = XCBuildConfiguration;
			buildSettings = {
				ALWAYS_SEARCH_USER_PATHS = NO;
				CLANG_CXX_LANGUAGE_STANDARD = "gnu++0x";
				CLANG_CXX_LIBRARY = "libc++";
				CLANG_ENABLE_MODULES = YES;
				CLANG_ENABLE_OBJC_ARC = YES;
				CLANG_WARN_BOOL_CONVERSION = YES;
				CLANG_WARN_CONSTANT_CONVERSION = YES;
				CLANG_WARN_DIRECT_OBJC_ISA_USAGE = YES_ERROR;
				CLANG_WARN_EMPTY_BODY = YES;
				CLANG_WARN_ENUM_CONVERSION = YES;
				CLANG_WARN_INT_CONVERSION = YES;
				CLANG_WARN_OBJC_ROOT_CLASS = YES_ERROR;
				CLANG_WARN_UNREACHABLE_CODE = YES;
				CLANG_WARN__DUPLICATE_METHOD_MATCH = YES;
				"CODE_SIGN_IDENTITY[sdk=iphoneos*]" = "iPhone Developer";
				COPY_PHASE_STRIP = NO;
				DEBUG_INFORMATION_FORMAT = "dwarf-with-dsym";
				ENABLE_NS_ASSERTIONS = NO;
				ENABLE_STRICT_OBJC_MSGSEND = YES;
				GCC_C_LANGUAGE_STANDARD = gnu99;
				GCC_NO_COMMON_BLOCKS = YES;
				GCC_WARN_64_TO_32_BIT_CONVERSION = YES;
				GCC_WARN_ABOUT_RETURN_TYPE = YES_ERROR;
				GCC_WARN_UNDECLARED_SELECTOR = YES;
				GCC_WARN_UNINITIALIZED_AUTOS = YES_AGGRESSIVE;
				GCC_WARN_UNUSED_FUNCTION = YES;
				GCC_WARN_UNUSED_VARIABLE = YES;
				IPHONEOS_DEPLOYMENT_TARGET = 8.3;
				MTL_ENABLE_DEBUG_INFO = NO;
				SDKROOT = iphoneos;
				VALIDATE_PRODUCT = YES;
			};
			name = Release;
		};
		34ED126B1B3A844600D49ABF /* Debug */ = {
			isa = XCBuildConfiguration;
			buildSettings = {
				ASSETCATALOG_COMPILER_APPICON_NAME = AppIcon;
				INFOPLIST_FILE = UserManage/Info.plist;
				LD_RUNPATH_SEARCH_PATHS = "$(inherited) @executable_path/Frameworks";
				PRODUCT_NAME = "$(TARGET_NAME)";
			};
			name = Debug;
		};
		34ED126C1B3A844600D49ABF /* Release */ = {
			isa = XCBuildConfiguration;
			buildSettings = {
				ASSETCATALOG_COMPILER_APPICON_NAME = AppIcon;
				INFOPLIST_FILE = UserManage/Info.plist;
				LD_RUNPATH_SEARCH_PATHS = "$(inherited) @executable_path/Frameworks";
				PRODUCT_NAME = "$(TARGET_NAME)";
			};
			name = Release;
		};
		34ED126E1B3A844600D49ABF /* Debug */ = {
			isa = XCBuildConfiguration;
			buildSettings = {
				BUNDLE_LOADER = "$(TEST_HOST)";
				FRAMEWORK_SEARCH_PATHS = (
					"$(SDKROOT)/Developer/Library/Frameworks",
					"$(inherited)",
				);
				GCC_PREPROCESSOR_DEFINITIONS = (
					"DEBUG=1",
					"$(inherited)",
				);
				INFOPLIST_FILE = UserManageTests/Info.plist;
				LD_RUNPATH_SEARCH_PATHS = "$(inherited) @executable_path/Frameworks @loader_path/Frameworks";
				PRODUCT_NAME = "$(TARGET_NAME)";
				TEST_HOST = "$(BUILT_PRODUCTS_DIR)/UserManage.app/UserManage";
			};
			name = Debug;
		};
		34ED126F1B3A844600D49ABF /* Release */ = {
			isa = XCBuildConfiguration;
			buildSettings = {
				BUNDLE_LOADER = "$(TEST_HOST)";
				FRAMEWORK_SEARCH_PATHS = (
					"$(SDKROOT)/Developer/Library/Frameworks",
					"$(inherited)",
				);
				INFOPLIST_FILE = UserManageTests/Info.plist;
				LD_RUNPATH_SEARCH_PATHS = "$(inherited) @executable_path/Frameworks @loader_path/Frameworks";
				PRODUCT_NAME = "$(TARGET_NAME)";
				TEST_HOST = "$(BUILT_PRODUCTS_DIR)/UserManage.app/UserManage";
			};
			name = Release;
		};
/* End XCBuildConfiguration section */

/* Begin XCConfigurationList section */
		343A0B4D1B3D7A8C006C6A6C /* Build configuration list for PBXNativeTarget "UserManageResources" */ = {
			isa = XCConfigurationList;
			buildConfigurations = (
				343A0B4E1B3D7A8C006C6A6C /* Debug */,
				343A0B4F1B3D7A8C006C6A6C /* Release */,
			);
			defaultConfigurationIsVisible = 0;
			defaultConfigurationName = Release;
		};
		343A0B811B3D96D8006C6A6C /* Build configuration list for PBXNativeTarget "UserManageSDK" */ = {
			isa = XCConfigurationList;
			buildConfigurations = (
				343A0B821B3D96D8006C6A6C /* Debug */,
				343A0B831B3D96D8006C6A6C /* Release */,
			);
			defaultConfigurationIsVisible = 0;
			defaultConfigurationName = Release;
		};
		343A0B841B3D96D8006C6A6C /* Build configuration list for PBXNativeTarget "UserManageSDKTests" */ = {
			isa = XCConfigurationList;
			buildConfigurations = (
				343A0B851B3D96D8006C6A6C /* Debug */,
				343A0B861B3D96D8006C6A6C /* Release */,
			);
			defaultConfigurationIsVisible = 0;
			defaultConfigurationName = Release;
		};
		34ED12421B3A844600D49ABF /* Build configuration list for PBXProject "UserManage" */ = {
			isa = XCConfigurationList;
			buildConfigurations = (
				34ED12681B3A844600D49ABF /* Debug */,
				34ED12691B3A844600D49ABF /* Release */,
			);
			defaultConfigurationIsVisible = 0;
			defaultConfigurationName = Release;
		};
		34ED126A1B3A844600D49ABF /* Build configuration list for PBXNativeTarget "UserManage" */ = {
			isa = XCConfigurationList;
			buildConfigurations = (
				34ED126B1B3A844600D49ABF /* Debug */,
				34ED126C1B3A844600D49ABF /* Release */,
			);
			defaultConfigurationIsVisible = 0;
			defaultConfigurationName = Release;
		};
		34ED126D1B3A844600D49ABF /* Build configuration list for PBXNativeTarget "UserManageTests" */ = {
			isa = XCConfigurationList;
			buildConfigurations = (
				34ED126E1B3A844600D49ABF /* Debug */,
				34ED126F1B3A844600D49ABF /* Release */,
			);
			defaultConfigurationIsVisible = 0;
			defaultConfigurationName = Release;
		};
/* End XCConfigurationList section */
	};
	rootObject = 34ED123F1B3A844600D49ABF /* Project object */;
}
